# This file is automatically @generated by Cargo.
# It is not intended for manual editing.
version = 3

[[package]]
name = "pj_app"
version = "0.1.0"

[[package]]
name = "pj_common"
version = "0.1.0"

[[package]]
name = "pj_domain"
version = "0.1.0"

[[package]]
name = "pj_infra"
version = "0.1.0"

[[package]]
name = "pj_presentation"
version = "0.1.0"

[[package]]
name = "pj_usecase"
version = "0.1.0"
